
Microsoft Visual Studio Solution File, Format Version 12.00
# Visual Studio 15
VisualStudioVersion = 15.0.27004.2010
MinimumVisualStudioVersion = 10.0.40219.1
Project("{FAE04EC0-301F-11D3-BF4B-00C04F79EFBC}") = "SUKenworth", "SUKenworth\SUKenworth.csproj", "{02F29216-9F5C-4DAD-94AD-649AE6315FF5}"
EndProject
Project("{FAE04EC0-301F-11D3-BF4B-00C04F79EFBC}") = "SUKenworth.Tests", "SUKenworth.Tests\SUKenworth.Tests.csproj", "{90E1E46C-6104-4E86-B1D9-8341BAA71E8B}"
EndProject
Global
	GlobalSection(SolutionConfigurationPlatforms) = preSolution
		Debug|Any CPU = Debug|Any CPU
		Release|Any CPU = Release|Any CPU
	EndGlobalSection
	GlobalSection(ProjectConfigurationPlatforms) = postSolution
		{02F29216-9F5C-4DAD-94AD-649AE6315FF5}.Debug|Any CPU.ActiveCfg = Debug|Any CPU
		{02F29216-9F5C-4DAD-94AD-649AE6315FF5}.Debug|Any CPU.Build.0 = Debug|Any CPU
		{02F29216-9F5C-4DAD-94AD-649AE6315FF5}.Release|Any CPU.ActiveCfg = Release|Any CPU
		{02F29216-9F5C-4DAD-94AD-649AE6315FF5}.Release|Any CPU.Build.0 = Release|Any CPU
		{90E1E46C-6104-4E86-B1D9-8341BAA71E8B}.Debug|Any CPU.ActiveCfg = Debug|Any CPU
		{90E1E46C-6104-4E86-B1D9-8341BAA71E8B}.Debug|Any CPU.Build.0 = Debug|Any CPU
		{90E1E46C-6104-4E86-B1D9-8341BAA71E8B}.Release|Any CPU.ActiveCfg = Release|Any CPU
		{90E1E46C-6104-4E86-B1D9-8341BAA71E8B}.Release|Any CPU.Build.0 = Release|Any CPU
	EndGlobalSection
	GlobalSection(SolutionProperties) = preSolution
		HideSolutionNode = FALSE
	EndGlobalSection
	GlobalSection(ExtensibilityGlobals) = postSolution
		SolutionGuid = {D7D6653B-5423-4F27-BFCB-63F9DAA298AB}
	EndGlobalSection
EndGlobal
